
Microsoft Visual Studio Solution File, Format Version 12.00
# Visual Studio Version 17
VisualStudioVersion = 17.13.35825.156 d17.13
MinimumVisualStudioVersion = 10.0.40219.1
Project("{F184B08F-C81C-45F6-A57F-5ABD9991F28F}") = "DatabaseSolution", "DatabaseSolution\DatabaseSolution.vbproj", "{98D7DD80-751D-471C-94B5-0895F8618F4F}"
EndProject
Global
	GlobalSection(SolutionConfigurationPlatforms) = preSolution
		Debug|Any CPU = Debug|Any CPU
		Release|Any CPU = Release|Any CPU
	EndGlobalSection
	GlobalSection(ProjectConfigurationPlatforms) = postSolution
		{98D7DD80-751D-471C-94B5-0895F8618F4F}.Debug|Any CPU.ActiveCfg = Debug|Any CPU
		{98D7DD80-751D-471C-94B5-0895F8618F4F}.Debug|Any CPU.Build.0 = Debug|Any CPU
		{98D7DD80-751D-471C-94B5-0895F8618F4F}.Release|Any CPU.ActiveCfg = Release|Any CPU
		{98D7DD80-751D-471C-94B5-0895F8618F4F}.Release|Any CPU.Build.0 = Release|Any CPU
	EndGlobalSection
	GlobalSection(SolutionProperties) = preSolution
		HideSolutionNode = FALSE
	EndGlobalSection
	GlobalSection(ExtensibilityGlobals) = postSolution
		SolutionGuid = {F15A1173-7E62-4630-8992-3479F2CAE420}
	EndGlobalSection
EndGlobal
